// !$*UTF8*$!
{
	archiveVersion = 1;
	classes = {
	};
	objectVersion = 50;
	objects = {

/* Begin PBXBuildFile section */
		B809F594226F8E9D0088CF44 /* SortedOperator.swift in Sources */ = {isa = PBXBuildFile; fileRef = B809F593226F8E9D0088CF44 /* SortedOperator.swift */; };
		B809F596226F8EFD0088CF44 /* GameType.swift in Sources */ = {isa = PBXBuildFile; fileRef = B809F595226F8EFD0088CF44 /* GameType.swift */; };
		B8C2C5292268F78E0093DE00 /* AppDelegate.swift in Sources */ = {isa = PBXBuildFile; fileRef = B8C2C5282268F78E0093DE00 /* AppDelegate.swift */; };
		B8C2C52B2268F78E0093DE00 /* ViewController.swift in Sources */ = {isa = PBXBuildFile; fileRef = B8C2C52A2268F78E0093DE00 /* ViewController.swift */; };
		B8C2C52E2268F78E0093DE00 /* Main.storyboard in Resources */ = {isa = PBXBuildFile; fileRef = B8C2C52C2268F78E0093DE00 /* Main.storyboard */; };
		B8C2C5302268F7900093DE00 /* Assets.xcassets in Resources */ = {isa = PBXBuildFile; fileRef = B8C2C52F2268F7900093DE00 /* Assets.xcassets */; };
		B8C2C5332268F7900093DE00 /* LaunchScreen.storyboard in Resources */ = {isa = PBXBuildFile; fileRef = B8C2C5312268F7900093DE00 /* LaunchScreen.storyboard */; };
/* End PBXBuildFile section */

/* Begin PBXFileReference section */
		B809F593226F8E9D0088CF44 /* SortedOperator.swift */ = {isa = PBXFileReference; lastKnownFileType = sourcecode.swift; path = SortedOperator.swift; sourceTree = "<group>"; };
		B809F595226F8EFD0088CF44 /* GameType.swift */ = {isa = PBXFileReference; lastKnownFileType = sourcecode.swift; path = GameType.swift; sourceTree = "<group>"; };
		B8C2C5252268F78E0093DE00 /* Lottery.app */ = {isa = PBXFileReference; explicitFileType = wrapper.application; includeInIndex = 0; path = Lottery.app; sourceTree = BUILT_PRODUCTS_DIR; };
		B8C2C5282268F78E0093DE00 /* AppDelegate.swift */ = {isa = PBXFileReference; lastKnownFileType = sourcecode.swift; path = AppDelegate.swift; sourceTree = "<group>"; };
		B8C2C52A2268F78E0093DE00 /* ViewController.swift */ = {isa = PBXFileReference; lastKnownFileType = sourcecode.swift; path = ViewController.swift; sourceTree = "<group>"; };
		B8C2C52D2268F78E0093DE00 /* Base */ = {isa = PBXFileReference; lastKnownFileType = file.storyboard; name = Base; path = Base.lproj/Main.storyboard; sourceTree = "<group>"; };
		B8C2C52F2268F7900093DE00 /* Assets.xcassets */ = {isa = PBXFileReference; lastKnownFileType = folder.assetcatalog; path = Assets.xcassets; sourceTree = "<group>"; };
		B8C2C5322268F7900093DE00 /* Base */ = {isa = PBXFileReference; lastKnownFileType = file.storyboard; name = Base; path = Base.lproj/LaunchScreen.storyboard; sourceTree = "<group>"; };
		B8C2C5342268F7900093DE00 /* Info.plist */ = {isa = PBXFileReference; lastKnownFileType = text.plist.xml; path = Info.plist; sourceTree = "<group>"; };
/* End PBXFileReference section */

/* Begin PBXFrameworksBuildPhase section */
		B8C2C5222268F78E0093DE00 /* Frameworks */ = {
			isa = PBXFrameworksBuildPhase;
			buildActionMask = 2147483647;
			files = (
			);
			runOnlyForDeploymentPostprocessing = 0;
		};
/* End PBXFrameworksBuildPhase section */

/* Begin PBXGroup section */
		B809F597226F8F0C0088CF44 /* Enumerators */ = {
			isa = PBXGroup;
			children = (
				B809F595226F8EFD0088CF44 /* GameType.swift */,
			);
			path = Enumerators;
			sourceTree = "<group>";
		};
		B809F598226F8F170088CF44 /* Operators */ = {
			isa = PBXGroup;
			children = (
				B809F593226F8E9D0088CF44 /* SortedOperator.swift */,
			);
			path = Operators;
			sourceTree = "<group>";
		};
		B8C2C51C2268F78E0093DE00 = {
			isa = PBXGroup;
			children = (
				B8C2C5272268F78E0093DE00 /* Lottery */,
				B8C2C5262268F78E0093DE00 /* Products */,
			);
			sourceTree = "<group>";
		};
		B8C2C5262268F78E0093DE00 /* Products */ = {
			isa = PBXGroup;
			children = (
				B8C2C5252268F78E0093DE00 /* Lottery.app */,
			);
			name = Products;
			sourceTree = "<group>";
		};
		B8C2C5272268F78E0093DE00 /* Lottery */ = {
			isa = PBXGroup;
			children = (
				B809F597226F8F0C0088CF44 /* Enumerators */,
				B809F598226F8F170088CF44 /* Operators */,
				B8C2C5282268F78E0093DE00 /* AppDelegate.swift */,
				B8C2C52A2268F78E0093DE00 /* ViewController.swift */,
				B8C2C52C2268F78E0093DE00 /* Main.storyboard */,
				B8C2C52F2268F7900093DE00 /* Assets.xcassets */,
				B8C2C5312268F7900093DE00 /* LaunchScreen.storyboard */,
				B8C2C5342268F7900093DE00 /* Info.plist */,
			);
			path = Lottery;
			sourceTree = "<group>";
		};
/* End PBXGroup section */

/* Begin PBXNativeTarget section */
		B8C2C5242268F78E0093DE00 /* Lottery */ = {
			isa = PBXNativeTarget;
			buildConfigurationList = B8C2C5372268F7900093DE00 /* Build configuration list for PBXNativeTarget "Lottery" */;
			buildPhases = (
				B8C2C5212268F78E0093DE00 /* Sources */,
				B8C2C5222268F78E0093DE00 /* Frameworks */,
				B8C2C5232268F78E0093DE00 /* Resources */,
			);
			buildRules = (
			);
			dependencies = (
			);
			name = Lottery;
			productName = Lottery;
			productReference = B8C2C5252268F78E0093DE00 /* Lottery.app */;
			productType = "com.apple.product-type.application";
		};
/* End PBXNativeTarget section */

/* Begin PBXProject section */
		B8C2C51D2268F78E0093DE00 /* Project object */ = {
			isa = PBXProject;
			attributes = {
				LastSwiftUpdateCheck = 1020;
				LastUpgradeCheck = 1020;
				ORGANIZATIONNAME = "Gabriel Henrique Santos Pereira";
				TargetAttributes = {
					B8C2C5242268F78E0093DE00 = {
						CreatedOnToolsVersion = 10.2;
					};
				};
			};
			buildConfigurationList = B8C2C5202268F78E0093DE00 /* Build configuration list for PBXProject "Lottery" */;
			compatibilityVersion = "Xcode 9.3";
			developmentRegion = en;
			hasScannedForEncodings = 0;
			knownRegions = (
				en,
				Base,
			);
			mainGroup = B8C2C51C2268F78E0093DE00;
			productRefGroup = B8C2C5262268F78E0093DE00 /* Products */;
			projectDirPath = "";
			projectRoot = "";
			targets = (
				B8C2C5242268F78E0093DE00 /* Lottery */,
			);
		};
/* End PBXProject section */

/* Begin PBXResourcesBuildPhase section */
		B8C2C5232268F78E0093DE00 /* Resources */ = {
			isa = PBXResourcesBuildPhase;
			buildActionMask = 2147483647;
			files = (
				B8C2C5332268F7900093DE00 /* LaunchScreen.storyboard in Resources */,
				B8C2C5302268F7900093DE00 /* Assets.xcassets in Resources */,
				B8C2C52E2268F78E0093DE00 /* Main.storyboard in Resources */,
			);
			runOnlyForDeploymentPostprocessing = 0;
		};
/* End PBXResourcesBuildPhase section */

/* Begin PBXSourcesBuildPhase section */
		B8C2C5212268F78E0093DE00 /* Sources */ = {
			isa = PBXSourcesBuildPhase;
			buildActionMask = 2147483647;
			files = (
				B809F594226F8E9D0088CF44 /* SortedOperator.swift in Sources */,
				B809F596226F8EFD0088CF44 /* GameType.swift in Sources */,
				B8C2C52B2268F78E0093DE00 /* ViewController.swift in Sources */,
				B8C2C5292268F78E0093DE00 /* AppDelegate.swift in Sources */,
			);
			runOnlyForDeploymentPostprocessing = 0;
		};
/* End PBXSourcesBuildPhase section */

/* Begin PBXVariantGroup section */
		B8C2C52C2268F78E0093DE00 /* Main.storyboard */ = {
			isa = PBXVariantGroup;
			children = (
				B8C2C52D2268F78E0093DE00 /* Base */,
			);
			name = Main.storyboard;
			sourceTree = "<group>";
		};
		B8C2C5312268F7900093DE00 /* LaunchScreen.storyboard */ = {
			isa = PBXVariantGroup;
			children = (
				B8C2C5322268F7900093DE00 /* Base */,
			);
			name = LaunchScreen.storyboard;
			sourceTree = "<group>";
		};
/* End PBXVariantGroup section */

/* Begin XCBuildConfiguration section */
		B8C2C5352268F7900093DE00 /* Debug */ = {
			isa = XCBuildConfiguration;
			buildSettings = {
				ALWAYS_SEARCH_USER_PATHS = NO;
				CLANG_ANALYZER_NONNULL = YES;
				CLANG_ANALYZER_NUMBER_OBJECT_CONVERSION = YES_AGGRESSIVE;
				CLANG_CXX_LANGUAGE_STANDARD = "gnu++14";
				CLANG_CXX_LIBRARY = "libc++";
				CLANG_ENABLE_MODULES = YES;
				CLANG_ENABLE_OBJC_ARC = YES;
				CLANG_ENABLE_OBJC_WEAK = YES;
				CLANG_WARN_BLOCK_CAPTURE_AUTORELEASING = YES;
				CLANG_WARN_BOOL_CONVERSION = YES;
				CLANG_WARN_COMMA = YES;
				CLANG_WARN_CONSTANT_CONVERSION = YES;
				CLANG_WARN_DEPRECATED_OBJC_IMPLEMENTATIONS = YES;
				CLANG_WARN_DIRECT_OBJC_ISA_USAGE = YES_ERROR;
				CLANG_WARN_DOCUMENTATION_COMMENTS = YES;
				CLANG_WARN_EMPTY_BODY = YES;
				CLANG_WARN_ENUM_CONVERSION = YES;
				CLANG_WARN_INFINITE_RECURSION = YES;
				CLANG_WARN_INT_CONVERSION = YES;
				CLANG_WARN_NON_LITERAL_NULL_CONVERSION = YES;
				CLANG_WARN_OBJC_IMPLICIT_RETAIN_SELF = YES;
				CLANG_WARN_OBJC_LITERAL_CONVERSION = YES;
				CLANG_WARN_OBJC_ROOT_CLASS = YES_ERROR;
				CLANG_WARN_RANGE_LOOP_ANALYSIS = YES;
				CLANG_WARN_STRICT_PROTOTYPES = YES;
				CLANG_WARN_SUSPICIOUS_MOVE = YES;
				CLANG_WARN_UNGUARDED_AVAILABILITY = YES_AGGRESSIVE;
				CLANG_WARN_UNREACHABLE_CODE = YES;
				CLANG_WARN__DUPLICATE_METHOD_MATCH = YES;
				CODE_SIGN_IDENTITY = "iPhone Developer";
				COPY_PHASE_STRIP = NO;
				DEBUG_INFORMATION_FORMAT = dwarf;
				ENABLE_STRICT_OBJC_MSGSEND = YES;
				ENABLE_TESTABILITY = YES;
				GCC_C_LANGUAGE_STANDARD = gnu11;
				GCC_DYNAMIC_NO_PIC = NO;
				GCC_NO_COMMON_BLOCKS = YES;
				GCC_OPTIMIZATION_LEVEL = 0;
				GCC_PREPROCESSOR_DEFINITIONS = (
					"DEBUG=1",
					"$(inherited)",
				);
				GCC_WARN_64_TO_32_BIT_CONVERSION = YES;
				GCC_WARN_ABOUT_RETURN_TYPE = YES_ERROR;
				GCC_WARN_UNDECLARED_SELECTOR = YES;
				GCC_WARN_UNINITIALIZED_AUTOS = YES_AGGRESSIVE;
				GCC_WARN_UNUSED_FUNCTION = YES;
				GCC_WARN_UNUSED_VARIABLE = YES;
				IPHONEOS_DEPLOYMENT_TARGET = 12.2;
				MTL_ENABLE_DEBUG_INFO = INCLUDE_SOURCE;
				MTL_FAST_MATH = YES;
				ONLY_ACTIVE_ARCH = YES;
				SDKROOT = iphoneos;
				SWIFT_ACTIVE_COMPILATION_CONDITIONS = DEBUG;
				SWIFT_OPTIMIZATION_LEVEL = "-Onone";
			};
			name = Debug;
		};
		B8C2C5362268F7900093DE00 /* Release */ = {
			isa = XCBuildConfiguration;
			buildSettings = {
				ALWAYS_SEARCH_USER_PATHS = NO;
				CLANG_ANALYZER_NONNULL = YES;
				CLANG_ANALYZER_NUMBER_OBJECT_CONVERSION = YES_AGGRESSIVE;
				CLANG_CXX_LANGUAGE_STANDARD = "gnu++14";
				CLANG_CXX_LIBRARY = "libc++";
				CLANG_ENABLE_MODULES = YES;
				CLANG_ENABLE_OBJC_ARC = YES;
				CLANG_ENABLE_OBJC_WEAK = YES;
				CLANG_WARN_BLOCK_CAPTURE_AUTORELEASING = YES;
				CLANG_WARN_BOOL_CONVERSION = YES;
				CLANG_WARN_COMMA = YES;
				CLANG_WARN_CONSTANT_CONVERSION = YES;
				CLANG_WARN_DEPRECATED_OBJC_IMPLEMENTATIONS = YES;
				CLANG_WARN_DIRECT_OBJC_ISA_USAGE = YES_ERROR;
				CLANG_WARN_DOCUMENTATION_COMMENTS = YES;
				CLANG_WARN_EMPTY_BODY = YES;
				CLANG_WARN_ENUM_CONVERSION = YES;
				CLANG_WARN_INFINITE_RECURSION = YES;
				CLANG_WARN_INT_CONVERSION = YES;
				CLANG_WARN_NON_LITERAL_NULL_CONVERSION = YES;
				CLANG_WARN_OBJC_IMPLICIT_RETAIN_SELF = YES;
				CLANG_WARN_OBJC_LITERAL_CONVERSION = YES;
				CLANG_WARN_OBJC_ROOT_CLASS = YES_ERROR;
				CLANG_WARN_RANGE_LOOP_ANALYSIS = YES;
				CLANG_WARN_STRICT_PROTOTYPES = YES;
				CLANG_WARN_SUSPICIOUS_MOVE = YES;
				CLANG_WARN_UNGUARDED_AVAILABILITY = YES_AGGRESSIVE;
				CLANG_WARN_UNREACHABLE_CODE = YES;
				CLANG_WARN__DUPLICATE_METHOD_MATCH = YES;
				CODE_SIGN_IDENTITY = "iPhone Developer";
				COPY_PHASE_STRIP = NO;
				DEBUG_INFORMATION_FORMAT = "dwarf-with-dsym";
				ENABLE_NS_ASSERTIONS = NO;
				ENABLE_STRICT_OBJC_MSGSEND = YES;
				GCC_C_LANGUAGE_STANDARD = gnu11;
				GCC_NO_COMMON_BLOCKS = YES;
				GCC_WARN_64_TO_32_BIT_CONVERSION = YES;
				GCC_WARN_ABOUT_RETURN_TYPE = YES_ERROR;
				GCC_WARN_UNDECLARED_SELECTOR = YES;
				GCC_WARN_UNINITIALIZED_AUTOS = YES_AGGRESSIVE;
				GCC_WARN_UNUSED_FUNCTION = YES;
				GCC_WARN_UNUSED_VARIABLE = YES;
				IPHONEOS_DEPLOYMENT_TARGET = 12.2;
				MTL_ENABLE_DEBUG_INFO = NO;
				MTL_FAST_MATH = YES;
				SDKROOT = iphoneos;
				SWIFT_COMPILATION_MODE = wholemodule;
				SWIFT_OPTIMIZATION_LEVEL = "-O";
				VALIDATE_PRODUCT = YES;
			};
			name = Release;
		};
		B8C2C5382268F7900093DE00 /* Debug */ = {
			isa = XCBuildConfiguration;
			buildSettings = {
				ASSETCATALOG_COMPILER_APPICON_NAME = AppIcon;
				CODE_SIGN_STYLE = Automatic;
				INFOPLIST_FILE = Lottery/Info.plist;
				LD_RUNPATH_SEARCH_PATHS = (
					"$(inherited)",
					"@executable_path/Frameworks",
				);
				PRODUCT_BUNDLE_IDENTIFIER = com.everis.Lottery;
				PRODUCT_NAME = "$(TARGET_NAME)";
				SWIFT_VERSION = 5.0;
				TARGETED_DEVICE_FAMILY = 1;
			};
			name = Debug;
		};
		B8C2C5392268F7900093DE00 /* Release */ = {
			isa = XCBuildConfiguration;
			buildSettings = {
				ASSETCATALOG_COMPILER_APPICON_NAME = AppIcon;
				CODE_SIGN_STYLE = Automatic;
				INFOPLIST_FILE = Lottery/Info.plist;
				LD_RUNPATH_SEARCH_PATHS = (
					"$(inherited)",
					"@executable_path/Frameworks",
				);
				PRODUCT_BUNDLE_IDENTIFIER = com.everis.Lottery;
				PRODUCT_NAME = "$(TARGET_NAME)";
				SWIFT_VERSION = 5.0;
				TARGETED_DEVICE_FAMILY = 1;
			};
			name = Release;
		};
/* End XCBuildConfiguration section */

/* Begin XCConfigurationList section */
		B8C2C5202268F78E0093DE00 /* Build configuration list for PBXProject "Lottery" */ = {
			isa = XCConfigurationList;
			buildConfigurations = (
				B8C2C5352268F7900093DE00 /* Debug */,
				B8C2C5362268F7900093DE00 /* Release */,
			);
			defaultConfigurationIsVisible = 0;
			defaultConfigurationName = Release;
		};
		B8C2C5372268F7900093DE00 /* Build configuration list for PBXNativeTarget "Lottery" */ = {
			isa = XCConfigurationList;
			buildConfigurations = (
				B8C2C5382268F7900093DE00 /* Debug */,
				B8C2C5392268F7900093DE00 /* Release */,
			);
			defaultConfigurationIsVisible = 0;
			defaultConfigurationName = Release;
		};
/* End XCConfigurationList section */
	};
	rootObject = B8C2C51D2268F78E0093DE00 /* Project object */;
}
